# This file was autogenerated by Stack.
# You should not edit this file by hand.
# For more information, please see the documentation at:
#   https://docs.haskellstack.org/en/stable/lock_files

packages:
- completed:
    size: 11675
    url: https://github.com/mstksg/typelits-witnesses/archive/8d3d37ae1f632133f91ab6c23e0f4d019f990afd.tar.gz
    cabal-file:
      size: 1977
      sha256: 68930416e4882706ab2a729d65042d2e6eef42057cad8e9b05a5e2fa36da15ee
    name: typelits-witnesses
    version: 0.4.0.0
    sha256: d341fdf7fbc39a0bd06c6b0c4fbd040c0cac5d192dea77429881e923c008e361
    pantry-tree:
      size: 599
      sha256: cd37f536c8c018c9da824a5d9b44a05f37c984ddb13748ecc23c2e624204ad51
  original:
    url: https://github.com/mstksg/typelits-witnesses/archive/8d3d37ae1f632133f91ab6c23e0f4d019f990afd.tar.gz
- completed:
    hackage: dependent-sum-0.6.2.0@sha256:bff37c85b38e768b942f9d81c2465b63a96076f1ba006e35612aa357770807b6,1856
    pantry-tree:
      size: 474
      sha256: ad3fbed5104f9ee9c8082c9dcc8ade847674e3053572533e8d26ad1a866f1107
  original:
    hackage: dependent-sum-0.6.2.0
- completed:
    hackage: constraints-extras-0.3.0.2@sha256:bf6884be65958e9188ae3c9e5547abfd6d201df021bff8a4704c2c4fe1e1ae5b,1784
    pantry-tree:
      size: 594
      sha256: b0bcc96d375ee11b1972a2e9e8e42039b3f420b0e1c46e9c70652470445a6505
  original:
    hackage: constraints-extras-0.3.0.2
snapshots:
- completed:
    size: 368770
    url: https://raw.githubusercontent.com/commercialhaskell/stackage-snapshots/master/nightly/2019/10/5.yaml
    sha256: 27d69f2426fba4f233d33bcb3d43e9cf54735ccb79a42204462c6de4f25e6e82
  original: nightly-2019-10-05
