# This file was autogenerated by Stack.
# You should not edit this file by hand.
# For more information, please see the documentation at:
#   https://docs.haskellstack.org/en/stable/lock_files

packages: []
snapshots:
- completed:
    size: 368770
    url: https://raw.githubusercontent.com/commercialhaskell/stackage-snapshots/master/nightly/2019/10/5.yaml
    sha256: 27d69f2426fba4f233d33bcb3d43e9cf54735ccb79a42204462c6de4f25e6e82
  original: nightly-2019-10-05
